
Microsoft Visual Studio Solution File, Format Version 12.00
# Visual Studio Version 17
VisualStudioVersion = 17.3.32929.385
MinimumVisualStudioVersion = 10.0.40219.1
Project("{FAE04EC0-301F-11D3-BF4B-00C04F79EFBC}") = "CBank.Press", "CBank.Press\CBank.Press.csproj", "{82658447-ECA0-4306-A759-BA6B2D15F0FD}"
EndProject
Global
	GlobalSection(SolutionConfigurationPlatforms) = preSolution
		Debug|Any CPU = Debug|Any CPU
		Release|Any CPU = Release|Any CPU
	EndGlobalSection
	GlobalSection(ProjectConfigurationPlatforms) = postSolution
		{82658447-ECA0-4306-A759-BA6B2D15F0FD}.Debug|Any CPU.ActiveCfg = Debug|Any CPU
		{82658447-ECA0-4306-A759-BA6B2D15F0FD}.Debug|Any CPU.Build.0 = Debug|Any CPU
		{82658447-ECA0-4306-A759-BA6B2D15F0FD}.Release|Any CPU.ActiveCfg = Release|Any CPU
		{82658447-ECA0-4306-A759-BA6B2D15F0FD}.Release|Any CPU.Build.0 = Release|Any CPU
	EndGlobalSection
	GlobalSection(SolutionProperties) = preSolution
		HideSolutionNode = FALSE
	EndGlobalSection
	GlobalSection(ExtensibilityGlobals) = postSolution
		SolutionGuid = {9FE8201E-851F-4A76-9A95-08B84FB0C4AD}
	EndGlobalSection
EndGlobal
